
Microsoft Visual Studio Solution File, Format Version 12.00
# Visual Studio Version 17
VisualStudioVersion = 17.7.34202.233
MinimumVisualStudioVersion = 10.0.40219.1
Project("{FAE04EC0-301F-11D3-BF4B-00C04F79EFBC}") = "Lab4.1", "Lab4.1\Lab4.1.csproj", "{2DB5B130-4202-41B5-8909-F53FA88BC921}"
EndProject
Project("{FAE04EC0-301F-11D3-BF4B-00C04F79EFBC}") = "Lab4Var1Task2", "Lab4Var1Task2\Lab4Var1Task2.csproj", "{51F1CEDE-E280-4835-B4F0-4AE4B4B1E368}"
EndProject
Project("{FAE04EC0-301F-11D3-BF4B-00C04F79EFBC}") = "Lab4Var1Task3", "Lab4Var1Task3\Lab4Var1Task3.csproj", "{B142C2C5-16F7-4FFA-B2D6-55B0D6AB7139}"
EndProject
Global
	GlobalSection(SolutionConfigurationPlatforms) = preSolution
		Debug|Any CPU = Debug|Any CPU
		Release|Any CPU = Release|Any CPU
	EndGlobalSection
	GlobalSection(ProjectConfigurationPlatforms) = postSolution
		{2DB5B130-4202-41B5-8909-F53FA88BC921}.Debug|Any CPU.ActiveCfg = Debug|Any CPU
		{2DB5B130-4202-41B5-8909-F53FA88BC921}.Debug|Any CPU.Build.0 = Debug|Any CPU
		{2DB5B130-4202-41B5-8909-F53FA88BC921}.Release|Any CPU.ActiveCfg = Release|Any CPU
		{2DB5B130-4202-41B5-8909-F53FA88BC921}.Release|Any CPU.Build.0 = Release|Any CPU
		{51F1CEDE-E280-4835-B4F0-4AE4B4B1E368}.Debug|Any CPU.ActiveCfg = Debug|Any CPU
		{51F1CEDE-E280-4835-B4F0-4AE4B4B1E368}.Debug|Any CPU.Build.0 = Debug|Any CPU
		{51F1CEDE-E280-4835-B4F0-4AE4B4B1E368}.Release|Any CPU.ActiveCfg = Release|Any CPU
		{51F1CEDE-E280-4835-B4F0-4AE4B4B1E368}.Release|Any CPU.Build.0 = Release|Any CPU
		{B142C2C5-16F7-4FFA-B2D6-55B0D6AB7139}.Debug|Any CPU.ActiveCfg = Debug|Any CPU
		{B142C2C5-16F7-4FFA-B2D6-55B0D6AB7139}.Debug|Any CPU.Build.0 = Debug|Any CPU
		{B142C2C5-16F7-4FFA-B2D6-55B0D6AB7139}.Release|Any CPU.ActiveCfg = Release|Any CPU
		{B142C2C5-16F7-4FFA-B2D6-55B0D6AB7139}.Release|Any CPU.Build.0 = Release|Any CPU
	EndGlobalSection
	GlobalSection(SolutionProperties) = preSolution
		HideSolutionNode = FALSE
	EndGlobalSection
	GlobalSection(ExtensibilityGlobals) = postSolution
		SolutionGuid = {410E3210-8699-4748-9E19-388A6CF64ED6}
	EndGlobalSection
EndGlobal
